github.com/agentplexus/omnillm v0.10.0 h1:c+DixBvvHtqUpaQvj9vhzCzJ+Bfa8nP1nxmVyFVEAsU=
github.com/agentplexus/omnillm v0.10.0/go.mod h1:2ZmGwLt2SdmYtwT9+kPt0vlLHyQFy7NtMjXMZQbkLhI=
github.com/aws/aws-sdk-go-v2 v1.41.2 h1:LuT2rzqNQsauaGkPK/7813XxcZ3o3yePY0Iy891T2ls=
github.com/aws/aws-sdk-go-v2 v1.41.2/go.mod h1:IvvlAZQXvTXznUPfRVfryiG1fbzE2NGK6m9u39YQ+S4=
github.com/aws/aws-sdk-go-v2/aws/protocol/eventstream v1.7.5 h1:zWFmPmgw4sveAYi1mRqG+E/g0461cJ5M4bJ8/nc6d3Q=
github.com/aws/aws-sdk-go-v2/aws/protocol/eventstream v1.7.5/go.mod h1:nVUlMLVV8ycXSb7mSkcNu9e3v/1TJq2RTlrPwhYWr5c=
github.com/aws/aws-sdk-go-v2/config v1.32.6 h1:hFLBGUKjmLAekvi1evLi5hVvFQtSo3GYwi+Bx4lpJf8=
github.com/aws/aws-sdk-go-v2/config v1.32.6/go.mod h1:lcUL/gcd8WyjCrMnxez5OXkO3/rwcNmvfno62tnXNcI=
github.com/aws/aws-sdk-go-v2/credentials v1.19.6 h1:F9vWao2TwjV2MyiyVS+duza0NIRtAslgLUM0vTA1ZaE=
github.com/aws/aws-sdk-go-v2/credentials v1.19.6/go.mod h1:SgHzKjEVsdQr6Opor0ihgWtkWdfRAIwxYzSJ8O85VHY=
github.com/aws/aws-sdk-go-v2/feature/ec2/imds v1.18.16 h1:80+uETIWS1BqjnN9uJ0dBUaETh+P1XwFy5vwHwK5r9k=
github.com/aws/aws-sdk-go-v2/feature/ec2/imds v1.18.16/go.mod h1:wOOsYuxYuB/7FlnVtzeBYRcjSRtQpAW0hCP7tIULMwo=
github.com/aws/aws-sdk-go-v2/internal/configsources v1.4.18 h1:F43zk1vemYIqPAwhjTjYIz0irU2EY7sOb/F5eJ3HuyM=
github.com/aws/aws-sdk-go-v2/internal/configsources v1.4.18/go.mod h1:w1jdlZXrGKaJcNoL+Nnrj+k5wlpGXqnNrKoP22HvAug=
github.com/aws/aws-sdk-go-v2/internal/endpoints/v2 v2.7.18 h1:xCeWVjj0ki0l3nruoyP2slHsGArMxeiiaoPN5QZH6YQ=
github.com/aws/aws-sdk-go-v2/internal/endpoints/v2 v2.7.18/go.mod h1:r/eLGuGCBw6l36ZRWiw6PaZwPXb6YOj+i/7MizNl5/k=
github.com/aws/aws-sdk-go-v2/internal/ini v1.8.4 h1:WKuaxf++XKWlHWu9ECbMlha8WOEGm0OUEZqm4K/Gcfk=
github.com/aws/aws-sdk-go-v2/internal/ini v1.8.4/go.mod h1:ZWy7j6v1vWGmPReu0iSGvRiise4YI5SkR3OHKTZ6Wuc=
github.com/aws/aws-sdk-go-v2/service/bedrockruntime v1.50.0 h1:TDKR8ACRw7G+GFaQlhoy6biu+8q6ZtSddQCy9avMdMI=
github.com/aws/aws-sdk-go-v2/service/bedrockruntime v1.50.0/go.mod h1:XlhOh5Ax/lesqN4aZCUgj9vVJed5VoXYHHFYGAlJEwU=
github.com/aws/aws-sdk-go-v2/service/internal/accept-encoding v1.13.4 h1:0ryTNEdJbzUCEWkVXEXoqlXV72J5keC1GvILMOuD00E=
github.com/aws/aws-sdk-go-v2/service/internal/accept-encoding v1.13.4/go.mod h1:HQ4qwNZh32C3CBeO6iJLQlgtMzqeG17ziAA/3KDJFow=
github.com/aws/aws-sdk-go-v2/service/internal/presigned-url v1.13.16 h1:oHjJHeUy0ImIV0bsrX0X91GkV5nJAyv1l1CC9lnO0TI=
github.com/aws/aws-sdk-go-v2/service/internal/presigned-url v1.13.16/go.mod h1:iRSNGgOYmiYwSCXxXaKb9HfOEj40+oTKn8pTxMlYkRM=
github.com/aws/aws-sdk-go-v2/service/signin v1.0.4 h1:HpI7aMmJ+mm1wkSHIA2t5EaFFv5EFYXePW30p1EIrbQ=
github.com/aws/aws-sdk-go-v2/service/signin v1.0.4/go.mod h1:C5RdGMYGlfM0gYq/tifqgn4EbyX99V15P2V3R+VHbQU=
github.com/aws/aws-sdk-go-v2/service/sso v1.30.8 h1:aM/Q24rIlS3bRAhTyFurowU8A0SMyGDtEOY/l/s/1Uw=
github.com/aws/aws-sdk-go-v2/service/sso v1.30.8/go.mod h1:+fWt2UHSb4kS7Pu8y+BMBvJF0EWx+4H0hzNwtDNRTrg=
github.com/aws/aws-sdk-go-v2/service/ssooidc v1.35.12 h1:AHDr0DaHIAo8c9t1emrzAlVDFp+iMMKnPdYy6XO4MCE=
github.com/aws/aws-sdk-go-v2/service/ssooidc v1.35.12/go.mod h1:GQ73XawFFiWxyWXMHWfhiomvP3tXtdNar/fi8z18sx0=
github.com/aws/aws-sdk-go-v2/service/sts v1.41.5 h1:SciGFVNZ4mHdm7gpD1dgZYnCuVdX1s+lFTg4+4DOy70=
github.com/aws/aws-sdk-go-v2/service/sts v1.41.5/go.mod h1:iW40X4QBmUxdP+fZNOpfmkdMZqsovezbAeO+Ubiv2pk=
github.com/aws/smithy-go v1.24.1 h1:VbyeNfmYkWoxMVpGUAbQumkODcYmfMRfZ8yQiH30SK0=
github.com/aws/smithy-go v1.24.1/go.mod h1:LEj2LM3rBRQJxPZTB4KuzZkaZYnZPnvgIhb4pu07mx0=
